
Microsoft Visual Studio Solution File, Format Version 12.00
# Visual Studio Version 16
VisualStudioVersion = 16.0.31410.357
MinimumVisualStudioVersion = 10.0.40219.1
Project("{2150E333-8FDC-42A3-9474-1A3956D46DE8}") = "src", "src", "{C0F4540A-B2A2-4440-A02A-84E304BB502F}"
EndProject
Project("{9A19103F-16F7-4668-BE54-9A1E7A4F7556}") = "SecureFlight.Core", "src\SecureFlight.Core\SecureFlight.Core.csproj", "{BEB6E162-CE82-4B93-BB4B-7EBADF5F4FDA}"
EndProject
Project("{9A19103F-16F7-4668-BE54-9A1E7A4F7556}") = "SecureFlight.Infrastructure", "src\SecureFlight.Infrastructure\SecureFlight.Infrastructure.csproj", "{DC555FB3-D04E-4AEA-857D-8A5D8D36DD01}"
EndProject
Project("{2150E333-8FDC-42A3-9474-1A3956D46DE8}") = "tests", "tests", "{9E1CDC38-F9E9-480C-A6D8-BB03736700AB}"
EndProject
Project("{FAE04EC0-301F-11D3-BF4B-00C04F79EFBC}") = "SecureFlight.Test", "tests\SecureFlight.Test\SecureFlight.Test.csproj", "{805EDD4D-EF82-4CA8-B2F0-FBAAB172881C}"
EndProject
Project("{FAE04EC0-301F-11D3-BF4B-00C04F79EFBC}") = "SecureFlight.Api", "src\SecureFlight.Api\SecureFlight.Api.csproj", "{0D7E4458-E175-4501-A546-09F34512D954}"
EndProject
Global
	GlobalSection(SolutionConfigurationPlatforms) = preSolution
		Debug|Any CPU = Debug|Any CPU
		Release|Any CPU = Release|Any CPU
	EndGlobalSection
	GlobalSection(ProjectConfigurationPlatforms) = postSolution
		{BEB6E162-CE82-4B93-BB4B-7EBADF5F4FDA}.Debug|Any CPU.ActiveCfg = Debug|Any CPU
		{BEB6E162-CE82-4B93-BB4B-7EBADF5F4FDA}.Debug|Any CPU.Build.0 = Debug|Any CPU
		{BEB6E162-CE82-4B93-BB4B-7EBADF5F4FDA}.Release|Any CPU.ActiveCfg = Release|Any CPU
		{BEB6E162-CE82-4B93-BB4B-7EBADF5F4FDA}.Release|Any CPU.Build.0 = Release|Any CPU
		{DC555FB3-D04E-4AEA-857D-8A5D8D36DD01}.Debug|Any CPU.ActiveCfg = Debug|Any CPU
		{DC555FB3-D04E-4AEA-857D-8A5D8D36DD01}.Debug|Any CPU.Build.0 = Debug|Any CPU
		{DC555FB3-D04E-4AEA-857D-8A5D8D36DD01}.Release|Any CPU.ActiveCfg = Release|Any CPU
		{DC555FB3-D04E-4AEA-857D-8A5D8D36DD01}.Release|Any CPU.Build.0 = Release|Any CPU
		{805EDD4D-EF82-4CA8-B2F0-FBAAB172881C}.Debug|Any CPU.ActiveCfg = Debug|Any CPU
		{805EDD4D-EF82-4CA8-B2F0-FBAAB172881C}.Debug|Any CPU.Build.0 = Debug|Any CPU
		{805EDD4D-EF82-4CA8-B2F0-FBAAB172881C}.Release|Any CPU.ActiveCfg = Release|Any CPU
		{805EDD4D-EF82-4CA8-B2F0-FBAAB172881C}.Release|Any CPU.Build.0 = Release|Any CPU
		{0D7E4458-E175-4501-A546-09F34512D954}.Debug|Any CPU.ActiveCfg = Debug|Any CPU
		{0D7E4458-E175-4501-A546-09F34512D954}.Debug|Any CPU.Build.0 = Debug|Any CPU
		{0D7E4458-E175-4501-A546-09F34512D954}.Release|Any CPU.ActiveCfg = Release|Any CPU
		{0D7E4458-E175-4501-A546-09F34512D954}.Release|Any CPU.Build.0 = Release|Any CPU
	EndGlobalSection
	GlobalSection(SolutionProperties) = preSolution
		HideSolutionNode = FALSE
	EndGlobalSection
	GlobalSection(NestedProjects) = preSolution
		{BEB6E162-CE82-4B93-BB4B-7EBADF5F4FDA} = {C0F4540A-B2A2-4440-A02A-84E304BB502F}
		{DC555FB3-D04E-4AEA-857D-8A5D8D36DD01} = {C0F4540A-B2A2-4440-A02A-84E304BB502F}
		{805EDD4D-EF82-4CA8-B2F0-FBAAB172881C} = {9E1CDC38-F9E9-480C-A6D8-BB03736700AB}
		{0D7E4458-E175-4501-A546-09F34512D954} = {C0F4540A-B2A2-4440-A02A-84E304BB502F}
	EndGlobalSection
	GlobalSection(ExtensibilityGlobals) = postSolution
		SolutionGuid = {391DE86D-2687-4C3A-8431-EC5D9043055D}
	EndGlobalSection
EndGlobal
